
Microsoft Visual Studio Solution File, Format Version 12.00
# Visual Studio Version 17
VisualStudioVersion = 17.3.32929.385
MinimumVisualStudioVersion = 10.0.40219.1
Project("{FAE04EC0-301F-11D3-BF4B-00C04F79EFBC}") = "formapp", "formapp\formapp.csproj", "{AF4EE1F9-C3E8-4377-8250-3FE03FD1AECB}"
EndProject
Global
	GlobalSection(SolutionConfigurationPlatforms) = preSolution
		Debug|Any CPU = Debug|Any CPU
		Release|Any CPU = Release|Any CPU
	EndGlobalSection
	GlobalSection(ProjectConfigurationPlatforms) = postSolution
		{AF4EE1F9-C3E8-4377-8250-3FE03FD1AECB}.Debug|Any CPU.ActiveCfg = Debug|Any CPU
		{AF4EE1F9-C3E8-4377-8250-3FE03FD1AECB}.Debug|Any CPU.Build.0 = Debug|Any CPU
		{AF4EE1F9-C3E8-4377-8250-3FE03FD1AECB}.Release|Any CPU.ActiveCfg = Release|Any CPU
		{AF4EE1F9-C3E8-4377-8250-3FE03FD1AECB}.Release|Any CPU.Build.0 = Release|Any CPU
	EndGlobalSection
	GlobalSection(SolutionProperties) = preSolution
		HideSolutionNode = FALSE
	EndGlobalSection
	GlobalSection(ExtensibilityGlobals) = postSolution
		SolutionGuid = {21B81A49-A757-462D-A17C-1DA0BF5A43EB}
	EndGlobalSection
EndGlobal
